
Microsoft Visual Studio Solution File, Format Version 12.00
# Visual Studio Version 17
VisualStudioVersion = 17.5.002.0
MinimumVisualStudioVersion = 10.0.40219.1
Project("{9A19103F-16F7-4668-BE54-9A1E7A4F7556}") = "Chapter3-Operators", "Chapter3-Operators.csproj", "{D443C5E8-4503-4B09-8D63-5C4AB14CB069}"
EndProject
Global
	GlobalSection(SolutionConfigurationPlatforms) = preSolution
		Debug|Any CPU = Debug|Any CPU
		Release|Any CPU = Release|Any CPU
	EndGlobalSection
	GlobalSection(ProjectConfigurationPlatforms) = postSolution
		{D443C5E8-4503-4B09-8D63-5C4AB14CB069}.Debug|Any CPU.ActiveCfg = Debug|Any CPU
		{D443C5E8-4503-4B09-8D63-5C4AB14CB069}.Debug|Any CPU.Build.0 = Debug|Any CPU
		{D443C5E8-4503-4B09-8D63-5C4AB14CB069}.Release|Any CPU.ActiveCfg = Release|Any CPU
		{D443C5E8-4503-4B09-8D63-5C4AB14CB069}.Release|Any CPU.Build.0 = Release|Any CPU
	EndGlobalSection
	GlobalSection(SolutionProperties) = preSolution
		HideSolutionNode = FALSE
	EndGlobalSection
	GlobalSection(ExtensibilityGlobals) = postSolution
		SolutionGuid = {3837B4B2-8F17-4D17-BE66-0E3C0228E76F}
	EndGlobalSection
EndGlobal
